
Microsoft Visual Studio Solution File, Format Version 12.00
# Visual Studio Version 17
VisualStudioVersion = 17.1.32407.343
MinimumVisualStudioVersion = 10.0.40219.1
Project("{FAE04EC0-301F-11D3-BF4B-00C04F79EFBC}") = "Assign08_PP", "Assign08_PP\Assign08_PP.csproj", "{08C2F85D-AA80-4422-81C1-AF12183F23F4}"
EndProject
Global
	GlobalSection(SolutionConfigurationPlatforms) = preSolution
		Debug|Any CPU = Debug|Any CPU
		Release|Any CPU = Release|Any CPU
	EndGlobalSection
	GlobalSection(ProjectConfigurationPlatforms) = postSolution
		{08C2F85D-AA80-4422-81C1-AF12183F23F4}.Debug|Any CPU.ActiveCfg = Debug|Any CPU
		{08C2F85D-AA80-4422-81C1-AF12183F23F4}.Debug|Any CPU.Build.0 = Debug|Any CPU
		{08C2F85D-AA80-4422-81C1-AF12183F23F4}.Release|Any CPU.ActiveCfg = Release|Any CPU
		{08C2F85D-AA80-4422-81C1-AF12183F23F4}.Release|Any CPU.Build.0 = Release|Any CPU
	EndGlobalSection
	GlobalSection(SolutionProperties) = preSolution
		HideSolutionNode = FALSE
	EndGlobalSection
	GlobalSection(ExtensibilityGlobals) = postSolution
		SolutionGuid = {28A98B59-E638-4C59-AAE8-608EEDAAD594}
	EndGlobalSection
EndGlobal
